// !$*UTF8*$!
{
	archiveVersion = 1;
	classes = {
	};
	objectVersion = 46;
	objects = {

/* Begin PBXBuildFile section */
		4F95C60E1E923FAF0072039F /* main.c in Sources */ = {isa = PBXBuildFile; fileRef = 4F95C60D1E923FAF0072039F /* main.c */; };
		4FC2E3551E65CD7F0002630C /* main.c in Sources */ = {isa = PBXBuildFile; fileRef = 4FC2E3541E65CD7F0002630C /* main.c */; };
/* End PBXBuildFile section */

/* Begin PBXCopyFilesBuildPhase section */
		4F95C6091E923FAF0072039F /* CopyFiles */ = {
			isa = PBXCopyFilesBuildPhase;
			buildActionMask = 2147483647;
			dstPath = /usr/share/man/man1/;
			dstSubfolderSpec = 0;
			files = (
			);
			runOnlyForDeploymentPostprocessing = 1;
		};
		4FC2E34F1E65CD7F0002630C /* CopyFiles */ = {
			isa = PBXCopyFilesBuildPhase;
			buildActionMask = 2147483647;
			dstPath = /usr/share/man/man1/;
			dstSubfolderSpec = 0;
			files = (
			);
			runOnlyForDeploymentPostprocessing = 1;
		};
/* End PBXCopyFilesBuildPhase section */

/* Begin PBXFileReference section */
		4F95C60B1E923FAF0072039F /* array */ = {isa = PBXFileReference; explicitFileType = "compiled.mach-o.executable"; includeInIndex = 0; path = array; sourceTree = BUILT_PRODUCTS_DIR; };
		4F95C60D1E923FAF0072039F /* main.c */ = {isa = PBXFileReference; lastKnownFileType = sourcecode.c.c; path = main.c; sourceTree = "<group>"; };
		4FC2E3511E65CD7F0002630C /* bead2 */ = {isa = PBXFileReference; explicitFileType = "compiled.mach-o.executable"; includeInIndex = 0; path = bead2; sourceTree = BUILT_PRODUCTS_DIR; };
		4FC2E3541E65CD7F0002630C /* main.c */ = {isa = PBXFileReference; lastKnownFileType = sourcecode.c.c; path = main.c; sourceTree = "<group>"; };
/* End PBXFileReference section */

/* Begin PBXFrameworksBuildPhase section */
		4F95C6081E923FAF0072039F /* Frameworks */ = {
			isa = PBXFrameworksBuildPhase;
			buildActionMask = 2147483647;
			files = (
			);
			runOnlyForDeploymentPostprocessing = 0;
		};
		4FC2E34E1E65CD7F0002630C /* Frameworks */ = {
			isa = PBXFrameworksBuildPhase;
			buildActionMask = 2147483647;
			files = (
			);
			runOnlyForDeploymentPostprocessing = 0;
		};
/* End PBXFrameworksBuildPhase section */

/* Begin PBXGroup section */
		4F95C60C1E923FAF0072039F /* array */ = {
			isa = PBXGroup;
			children = (
				4F95C60D1E923FAF0072039F /* main.c */,
			);
			path = array;
			sourceTree = "<group>";
		};
		4FC2E3481E65CD7F0002630C = {
			isa = PBXGroup;
			children = (
				4FC2E3531E65CD7F0002630C /* bead2 */,
				4F95C60C1E923FAF0072039F /* array */,
				4FC2E3521E65CD7F0002630C /* Products */,
			);
			sourceTree = "<group>";
		};
		4FC2E3521E65CD7F0002630C /* Products */ = {
			isa = PBXGroup;
			children = (
				4FC2E3511E65CD7F0002630C /* bead2 */,
				4F95C60B1E923FAF0072039F /* array */,
			);
			name = Products;
			sourceTree = "<group>";
		};
		4FC2E3531E65CD7F0002630C /* bead2 */ = {
			isa = PBXGroup;
			children = (
				4FC2E3541E65CD7F0002630C /* main.c */,
			);
			path = bead2;
			sourceTree = "<group>";
		};
/* End PBXGroup section */

/* Begin PBXNativeTarget section */
		4F95C60A1E923FAF0072039F /* array */ = {
			isa = PBXNativeTarget;
			buildConfigurationList = 4F95C6111E923FAF0072039F /* Build configuration list for PBXNativeTarget "array" */;
			buildPhases = (
				4F95C6071E923FAF0072039F /* Sources */,
				4F95C6081E923FAF0072039F /* Frameworks */,
				4F95C6091E923FAF0072039F /* CopyFiles */,
			);
			buildRules = (
			);
			dependencies = (
			);
			name = array;
			productName = array;
			productReference = 4F95C60B1E923FAF0072039F /* array */;
			productType = "com.apple.product-type.tool";
		};
		4FC2E3501E65CD7F0002630C /* bead2 */ = {
			isa = PBXNativeTarget;
			buildConfigurationList = 4FC2E3581E65CD7F0002630C /* Build configuration list for PBXNativeTarget "bead2" */;
			buildPhases = (
				4FC2E34D1E65CD7F0002630C /* Sources */,
				4FC2E34E1E65CD7F0002630C /* Frameworks */,
				4FC2E34F1E65CD7F0002630C /* CopyFiles */,
			);
			buildRules = (
			);
			dependencies = (
			);
			name = bead2;
			productName = bead2;
			productReference = 4FC2E3511E65CD7F0002630C /* bead2 */;
			productType = "com.apple.product-type.tool";
		};
/* End PBXNativeTarget section */

/* Begin PBXProject section */
		4FC2E3491E65CD7F0002630C /* Project object */ = {
			isa = PBXProject;
			attributes = {
				LastUpgradeCheck = 0820;
				ORGANIZATIONNAME = "Nagy Daniel";
				TargetAttributes = {
					4F95C60A1E923FAF0072039F = {
						CreatedOnToolsVersion = 8.3;
						ProvisioningStyle = Automatic;
					};
					4FC2E3501E65CD7F0002630C = {
						CreatedOnToolsVersion = 8.2.1;
						ProvisioningStyle = Automatic;
					};
				};
			};
			buildConfigurationList = 4FC2E34C1E65CD7F0002630C /* Build configuration list for PBXProject "bead2" */;
			compatibilityVersion = "Xcode 3.2";
			developmentRegion = English;
			hasScannedForEncodings = 0;
			knownRegions = (
				en,
			);
			mainGroup = 4FC2E3481E65CD7F0002630C;
			productRefGroup = 4FC2E3521E65CD7F0002630C /* Products */;
			projectDirPath = "";
			projectRoot = "";
			targets = (
				4FC2E3501E65CD7F0002630C /* bead2 */,
				4F95C60A1E923FAF0072039F /* array */,
			);
		};
/* End PBXProject section */

/* Begin PBXSourcesBuildPhase section */
		4F95C6071E923FAF0072039F /* Sources */ = {
			isa = PBXSourcesBuildPhase;
			buildActionMask = 2147483647;
			files = (
				4F95C60E1E923FAF0072039F /* main.c in Sources */,
			);
			runOnlyForDeploymentPostprocessing = 0;
		};
		4FC2E34D1E65CD7F0002630C /* Sources */ = {
			isa = PBXSourcesBuildPhase;
			buildActionMask = 2147483647;
			files = (
				4FC2E3551E65CD7F0002630C /* main.c in Sources */,
			);
			runOnlyForDeploymentPostprocessing = 0;
		};
/* End PBXSourcesBuildPhase section */

/* Begin XCBuildConfiguration section */
		4F95C60F1E923FAF0072039F /* Debug */ = {
			isa = XCBuildConfiguration;
			buildSettings = {
				CLANG_ANALYZER_NUMBER_OBJECT_CONVERSION = YES_AGGRESSIVE;
				PRODUCT_NAME = "$(TARGET_NAME)";
			};
			name = Debug;
		};
		4F95C6101E923FAF0072039F /* Release */ = {
			isa = XCBuildConfiguration;
			buildSettings = {
				CLANG_ANALYZER_NUMBER_OBJECT_CONVERSION = YES_AGGRESSIVE;
				PRODUCT_NAME = "$(TARGET_NAME)";
			};
			name = Release;
		};
		4FC2E3561E65CD7F0002630C /* Debug */ = {
			isa = XCBuildConfiguration;
			buildSettings = {
				ALWAYS_SEARCH_USER_PATHS = NO;
				CLANG_ANALYZER_NONNULL = YES;
				CLANG_CXX_LANGUAGE_STANDARD = "gnu++0x";
				CLANG_CXX_LIBRARY = "libc++";
				CLANG_ENABLE_MODULES = YES;
				CLANG_ENABLE_OBJC_ARC = YES;
				CLANG_WARN_BOOL_CONVERSION = YES;
				CLANG_WARN_CONSTANT_CONVERSION = YES;
				CLANG_WARN_DIRECT_OBJC_ISA_USAGE = YES_ERROR;
				CLANG_WARN_DOCUMENTATION_COMMENTS = YES;
				CLANG_WARN_EMPTY_BODY = YES;
				CLANG_WARN_ENUM_CONVERSION = YES;
				CLANG_WARN_INFINITE_RECURSION = YES;
				CLANG_WARN_INT_CONVERSION = YES;
				CLANG_WARN_OBJC_ROOT_CLASS = YES_ERROR;
				CLANG_WARN_SUSPICIOUS_MOVE = YES;
				CLANG_WARN_UNREACHABLE_CODE = YES;
				CLANG_WARN__DUPLICATE_METHOD_MATCH = YES;
				CODE_SIGN_IDENTITY = "-";
				COPY_PHASE_STRIP = NO;
				DEBUG_INFORMATION_FORMAT = dwarf;
				ENABLE_STRICT_OBJC_MSGSEND = YES;
				ENABLE_TESTABILITY = YES;
				GCC_C_LANGUAGE_STANDARD = gnu99;
				GCC_DYNAMIC_NO_PIC = NO;
				GCC_NO_COMMON_BLOCKS = YES;
				GCC_OPTIMIZATION_LEVEL = 0;
				GCC_PREPROCESSOR_DEFINITIONS = (
					"DEBUG=1",
					"$(inherited)",
				);
				GCC_WARN_64_TO_32_BIT_CONVERSION = YES;
				GCC_WARN_ABOUT_RETURN_TYPE = YES_ERROR;
				GCC_WARN_UNDECLARED_SELECTOR = YES;
				GCC_WARN_UNINITIALIZED_AUTOS = YES_AGGRESSIVE;
				GCC_WARN_UNUSED_FUNCTION = YES;
				GCC_WARN_UNUSED_VARIABLE = YES;
				MACOSX_DEPLOYMENT_TARGET = 10.12;
				MTL_ENABLE_DEBUG_INFO = YES;
				ONLY_ACTIVE_ARCH = YES;
				SDKROOT = macosx;
			};
			name = Debug;
		};
		4FC2E3571E65CD7F0002630C /* Release */ = {
			isa = XCBuildConfiguration;
			buildSettings = {
				ALWAYS_SEARCH_USER_PATHS = NO;
				CLANG_ANALYZER_NONNULL = YES;
				CLANG_CXX_LANGUAGE_STANDARD = "gnu++0x";
				CLANG_CXX_LIBRARY = "libc++";
				CLANG_ENABLE_MODULES = YES;
				CLANG_ENABLE_OBJC_ARC = YES;
				CLANG_WARN_BOOL_CONVERSION = YES;
				CLANG_WARN_CONSTANT_CONVERSION = YES;
				CLANG_WARN_DIRECT_OBJC_ISA_USAGE = YES_ERROR;
				CLANG_WARN_DOCUMENTATION_COMMENTS = YES;
				CLANG_WARN_EMPTY_BODY = YES;
				CLANG_WARN_ENUM_CONVERSION = YES;
				CLANG_WARN_INFINITE_RECURSION = YES;
				CLANG_WARN_INT_CONVERSION = YES;
				CLANG_WARN_OBJC_ROOT_CLASS = YES_ERROR;
				CLANG_WARN_SUSPICIOUS_MOVE = YES;
				CLANG_WARN_UNREACHABLE_CODE = YES;
				CLANG_WARN__DUPLICATE_METHOD_MATCH = YES;
				CODE_SIGN_IDENTITY = "-";
				COPY_PHASE_STRIP = NO;
				DEBUG_INFORMATION_FORMAT = "dwarf-with-dsym";
				ENABLE_NS_ASSERTIONS = NO;
				ENABLE_STRICT_OBJC_MSGSEND = YES;
				GCC_C_LANGUAGE_STANDARD = gnu99;
				GCC_NO_COMMON_BLOCKS = YES;
				GCC_WARN_64_TO_32_BIT_CONVERSION = YES;
				GCC_WARN_ABOUT_RETURN_TYPE = YES_ERROR;
				GCC_WARN_UNDECLARED_SELECTOR = YES;
				GCC_WARN_UNINITIALIZED_AUTOS = YES_AGGRESSIVE;
				GCC_WARN_UNUSED_FUNCTION = YES;
				GCC_WARN_UNUSED_VARIABLE = YES;
				MACOSX_DEPLOYMENT_TARGET = 10.12;
				MTL_ENABLE_DEBUG_INFO = NO;
				SDKROOT = macosx;
			};
			name = Release;
		};
		4FC2E3591E65CD7F0002630C /* Debug */ = {
			isa = XCBuildConfiguration;
			buildSettings = {
				PRODUCT_NAME = "$(TARGET_NAME)";
			};
			name = Debug;
		};
		4FC2E35A1E65CD7F0002630C /* Release */ = {
			isa = XCBuildConfiguration;
			buildSettings = {
				PRODUCT_NAME = "$(TARGET_NAME)";
			};
			name = Release;
		};
/* End XCBuildConfiguration section */

/* Begin XCConfigurationList section */
		4F95C6111E923FAF0072039F /* Build configuration list for PBXNativeTarget "array" */ = {
			isa = XCConfigurationList;
			buildConfigurations = (
				4F95C60F1E923FAF0072039F /* Debug */,
				4F95C6101E923FAF0072039F /* Release */,
			);
			defaultConfigurationIsVisible = 0;
		};
		4FC2E34C1E65CD7F0002630C /* Build configuration list for PBXProject "bead2" */ = {
			isa = XCConfigurationList;
			buildConfigurations = (
				4FC2E3561E65CD7F0002630C /* Debug */,
				4FC2E3571E65CD7F0002630C /* Release */,
			);
			defaultConfigurationIsVisible = 0;
			defaultConfigurationName = Release;
		};
		4FC2E3581E65CD7F0002630C /* Build configuration list for PBXNativeTarget "bead2" */ = {
			isa = XCConfigurationList;
			buildConfigurations = (
				4FC2E3591E65CD7F0002630C /* Debug */,
				4FC2E35A1E65CD7F0002630C /* Release */,
			);
			defaultConfigurationIsVisible = 0;
			defaultConfigurationName = Release;
		};
/* End XCConfigurationList section */
	};
	rootObject = 4FC2E3491E65CD7F0002630C /* Project object */;
}
